
Microsoft Visual Studio Solution File, Format Version 12.00
# Visual Studio 15
VisualStudioVersion = 15.0.27130.2036
MinimumVisualStudioVersion = 10.0.40219.1
Project("{2150E333-8FDC-42A3-9474-1A3956D46DE8}") = "20. Core", "20. Core", "{77DA39B0-F018-4068-BE53-6461957A53DB}"
EndProject
Project("{9A19103F-16F7-4668-BE54-9A1E7A4F7556}") = "Gaia.Core.Services", "Gaia.Core.Services\Gaia.Core.Services.csproj", "{AC5E6F4B-D634-4FD6-B16E-487217B6978F}"
EndProject
Project("{2150E333-8FDC-42A3-9474-1A3956D46DE8}") = "10. Tests", "10. Tests", "{4115B21A-DACD-4BC3-981B-3450337D6846}"
EndProject
Project("{2150E333-8FDC-42A3-9474-1A3956D46DE8}") = "00. Solution Items", "00. Solution Items", "{95EEC92A-F6E1-4AC9-9368-7C0C14D65A46}"
	ProjectSection(SolutionItems) = preProject
		.gitattributes = .gitattributes
		.gitignore = .gitignore
	EndProjectSection
EndProject
Project("{2150E333-8FDC-42A3-9474-1A3956D46DE8}") = "Configuration", "Configuration", "{2DE5E697-F8F8-4034-8958-5645F73774AC}"
	ProjectSection(SolutionItems) = preProject
		Solution Items\Configuration\connectionStrings.config = Solution Items\Configuration\connectionStrings.config
		Solution Items\Configuration\quartz.config = Solution Items\Configuration\quartz.config
		Solution Items\Configuration\quartzJobs.config = Solution Items\Configuration\quartzJobs.config
		Solution Items\Configuration\unity.config = Solution Items\Configuration\unity.config
	EndProjectSection
EndProject
Project("{9A19103F-16F7-4668-BE54-9A1E7A4F7556}") = "Gaia.Core", "Gaia.Core\Gaia.Core.csproj", "{8318A17E-7BF1-4D45-A0CE-EE3FD9B83B2D}"
EndProject
Project("{9A19103F-16F7-4668-BE54-9A1E7A4F7556}") = "Gaia.Core.IoC", "Gaia.Core.IoC\Gaia.Core.IoC.csproj", "{52980EBE-AEB1-4B3C-963A-BE0DA24B25B1}"
EndProject
Project("{9A19103F-16F7-4668-BE54-9A1E7A4F7556}") = "Gaia.Core.Scheduling", "Gaia.Core.Scheduling\Gaia.Core.Scheduling.csproj", "{25C70291-E074-4075-99A8-7AF0DF1BF6BC}"
EndProject
Project("{2150E333-8FDC-42A3-9474-1A3956D46DE8}") = "15. Plugins", "15. Plugins", "{D787A1D9-4250-49C1-9CE2-544BD0BE765E}"
EndProject
Project("{2150E333-8FDC-42A3-9474-1A3956D46DE8}") = "Service", "Service", "{37C642A5-183F-4F5B-B065-3467581DB4D1}"
EndProject
Project("{9A19103F-16F7-4668-BE54-9A1E7A4F7556}") = "Gaia.Service.Plugins.Scheduler", "Gaia.Service.Plugins.Scheduler\Gaia.Service.Plugins.Scheduler.csproj", "{3A82E948-43E1-434C-9C6D-BCAA1C83F76F}"
EndProject
Project("{9A19103F-16F7-4668-BE54-9A1E7A4F7556}") = "Gaia.Core.Mail", "Gaia.Core.Mail\Gaia.Core.Mail.csproj", "{AF928CE3-BBF1-40A7-B97B-41BC225009E7}"
EndProject
Project("{9A19103F-16F7-4668-BE54-9A1E7A4F7556}") = "Gaia.Core.Mail.SendGrid", "Gaia.Core.Mail.SendGrid\Gaia.Core.Mail.SendGrid.csproj", "{889992D1-CE62-4E54-9371-67657649AAB0}"
EndProject
Project("{2150E333-8FDC-42A3-9474-1A3956D46DE8}") = "05. Samples", "05. Samples", "{CF894717-3BAC-4D6E-BD25-E7A8855E2DE3}"
EndProject
Project("{9A19103F-16F7-4668-BE54-9A1E7A4F7556}") = "Gaia.Core.Mail.EmailQueue", "Gaia.Core.Mail.EmailQueue\Gaia.Core.Mail.EmailQueue.csproj", "{112F6856-C285-4D54-A438-2EA47326B9A7}"
EndProject
Project("{9A19103F-16F7-4668-BE54-9A1E7A4F7556}") = "Gaia.Core.IoC.Unity", "Gaia.Core.IoC.Unity\Gaia.Core.IoC.Unity.csproj", "{51DA7B52-994C-4F7B-A89C-94F2FC64DE48}"
EndProject
Project("{9A19103F-16F7-4668-BE54-9A1E7A4F7556}") = "Gaia.Core.Tests", "Gaia.Core.Tests\Gaia.Core.Tests.csproj", "{C0FCA0DB-E48F-4255-8CE6-425298CEFDA5}"
EndProject
Project("{9A19103F-16F7-4668-BE54-9A1E7A4F7556}") = "Gaia.Core.IoC.Autofac", "Gaia.Core.IoC.Autofac\Gaia.Core.IoC.Autofac.csproj", "{005BC034-19A2-44AD-B7B9-1F62AB591920}"
EndProject
Project("{9A19103F-16F7-4668-BE54-9A1E7A4F7556}") = "Gaia.Portal.Framework", "Gaia.Portal.Framework\Gaia.Portal.Framework.csproj", "{05761CF0-B197-46B2-9180-7E10C10E56E4}"
EndProject
Project("{9A19103F-16F7-4668-BE54-9A1E7A4F7556}") = "Gaia.Portal.Framework.Pdf", "Gaia.Portal.Framework.Pdf\Gaia.Portal.Framework.Pdf.csproj", "{08543236-295A-4D12-8EC3-7A65AAF9BDF5}"
EndProject
Project("{FAE04EC0-301F-11D3-BF4B-00C04F79EFBC}") = "Gaia.Core.Mail.RazorLightTemplates", "Gaia.Core.Mail.RazorLightTemplates\Gaia.Core.Mail.RazorLightTemplates.csproj", "{6E2A6364-016E-43EC-A97E-149C1E27F001}"
EndProject
Project("{FAE04EC0-301F-11D3-BF4B-00C04F79EFBC}") = "Gaia.Core.Mail.RazorEngineTemplates", "Gaia.Core.Mail.RazorEngineTemplates\Gaia.Core.Mail.RazorEngineTemplates.csproj", "{F2FE8F92-B23F-499B-A0BD-6BB002204FBC}"
EndProject
Global
	GlobalSection(SolutionConfigurationPlatforms) = preSolution
		Debug|Any CPU = Debug|Any CPU
		NuGet-Debug|Any CPU = NuGet-Debug|Any CPU
		NuGet-Release|Any CPU = NuGet-Release|Any CPU
		Release|Any CPU = Release|Any CPU
	EndGlobalSection
	GlobalSection(ProjectConfigurationPlatforms) = postSolution
		{AC5E6F4B-D634-4FD6-B16E-487217B6978F}.Debug|Any CPU.ActiveCfg = Debug|Any CPU
		{AC5E6F4B-D634-4FD6-B16E-487217B6978F}.Debug|Any CPU.Build.0 = Debug|Any CPU
		{AC5E6F4B-D634-4FD6-B16E-487217B6978F}.NuGet-Debug|Any CPU.ActiveCfg = Debug|Any CPU
		{AC5E6F4B-D634-4FD6-B16E-487217B6978F}.NuGet-Debug|Any CPU.Build.0 = Debug|Any CPU
		{AC5E6F4B-D634-4FD6-B16E-487217B6978F}.NuGet-Release|Any CPU.ActiveCfg = Release|Any CPU
		{AC5E6F4B-D634-4FD6-B16E-487217B6978F}.NuGet-Release|Any CPU.Build.0 = Release|Any CPU
		{AC5E6F4B-D634-4FD6-B16E-487217B6978F}.Release|Any CPU.ActiveCfg = Release|Any CPU
		{AC5E6F4B-D634-4FD6-B16E-487217B6978F}.Release|Any CPU.Build.0 = Release|Any CPU
		{8318A17E-7BF1-4D45-A0CE-EE3FD9B83B2D}.Debug|Any CPU.ActiveCfg = Debug|Any CPU
		{8318A17E-7BF1-4D45-A0CE-EE3FD9B83B2D}.Debug|Any CPU.Build.0 = Debug|Any CPU
		{8318A17E-7BF1-4D45-A0CE-EE3FD9B83B2D}.NuGet-Debug|Any CPU.ActiveCfg = Debug|Any CPU
		{8318A17E-7BF1-4D45-A0CE-EE3FD9B83B2D}.NuGet-Debug|Any CPU.Build.0 = Debug|Any CPU
		{8318A17E-7BF1-4D45-A0CE-EE3FD9B83B2D}.NuGet-Release|Any CPU.ActiveCfg = Release|Any CPU
		{8318A17E-7BF1-4D45-A0CE-EE3FD9B83B2D}.NuGet-Release|Any CPU.Build.0 = Release|Any CPU
		{8318A17E-7BF1-4D45-A0CE-EE3FD9B83B2D}.Release|Any CPU.ActiveCfg = Release|Any CPU
		{8318A17E-7BF1-4D45-A0CE-EE3FD9B83B2D}.Release|Any CPU.Build.0 = Release|Any CPU
		{52980EBE-AEB1-4B3C-963A-BE0DA24B25B1}.Debug|Any CPU.ActiveCfg = Debug|Any CPU
		{52980EBE-AEB1-4B3C-963A-BE0DA24B25B1}.Debug|Any CPU.Build.0 = Debug|Any CPU
		{52980EBE-AEB1-4B3C-963A-BE0DA24B25B1}.NuGet-Debug|Any CPU.ActiveCfg = Debug|Any CPU
		{52980EBE-AEB1-4B3C-963A-BE0DA24B25B1}.NuGet-Debug|Any CPU.Build.0 = Debug|Any CPU
		{52980EBE-AEB1-4B3C-963A-BE0DA24B25B1}.NuGet-Release|Any CPU.ActiveCfg = Release|Any CPU
		{52980EBE-AEB1-4B3C-963A-BE0DA24B25B1}.NuGet-Release|Any CPU.Build.0 = Release|Any CPU
		{52980EBE-AEB1-4B3C-963A-BE0DA24B25B1}.Release|Any CPU.ActiveCfg = Release|Any CPU
		{52980EBE-AEB1-4B3C-963A-BE0DA24B25B1}.Release|Any CPU.Build.0 = Release|Any CPU
		{25C70291-E074-4075-99A8-7AF0DF1BF6BC}.Debug|Any CPU.ActiveCfg = Debug|Any CPU
		{25C70291-E074-4075-99A8-7AF0DF1BF6BC}.Debug|Any CPU.Build.0 = Debug|Any CPU
		{25C70291-E074-4075-99A8-7AF0DF1BF6BC}.NuGet-Debug|Any CPU.ActiveCfg = Debug|Any CPU
		{25C70291-E074-4075-99A8-7AF0DF1BF6BC}.NuGet-Debug|Any CPU.Build.0 = Debug|Any CPU
		{25C70291-E074-4075-99A8-7AF0DF1BF6BC}.NuGet-Release|Any CPU.ActiveCfg = Release|Any CPU
		{25C70291-E074-4075-99A8-7AF0DF1BF6BC}.NuGet-Release|Any CPU.Build.0 = Release|Any CPU
		{25C70291-E074-4075-99A8-7AF0DF1BF6BC}.Release|Any CPU.ActiveCfg = Release|Any CPU
		{25C70291-E074-4075-99A8-7AF0DF1BF6BC}.Release|Any CPU.Build.0 = Release|Any CPU
		{3A82E948-43E1-434C-9C6D-BCAA1C83F76F}.Debug|Any CPU.ActiveCfg = Debug|Any CPU
		{3A82E948-43E1-434C-9C6D-BCAA1C83F76F}.Debug|Any CPU.Build.0 = Debug|Any CPU
		{3A82E948-43E1-434C-9C6D-BCAA1C83F76F}.NuGet-Debug|Any CPU.ActiveCfg = Debug|Any CPU
		{3A82E948-43E1-434C-9C6D-BCAA1C83F76F}.NuGet-Debug|Any CPU.Build.0 = Debug|Any CPU
		{3A82E948-43E1-434C-9C6D-BCAA1C83F76F}.NuGet-Release|Any CPU.ActiveCfg = Release|Any CPU
		{3A82E948-43E1-434C-9C6D-BCAA1C83F76F}.NuGet-Release|Any CPU.Build.0 = Release|Any CPU
		{3A82E948-43E1-434C-9C6D-BCAA1C83F76F}.Release|Any CPU.ActiveCfg = Release|Any CPU
		{3A82E948-43E1-434C-9C6D-BCAA1C83F76F}.Release|Any CPU.Build.0 = Release|Any CPU
		{AF928CE3-BBF1-40A7-B97B-41BC225009E7}.Debug|Any CPU.ActiveCfg = Debug|Any CPU
		{AF928CE3-BBF1-40A7-B97B-41BC225009E7}.Debug|Any CPU.Build.0 = Debug|Any CPU
		{AF928CE3-BBF1-40A7-B97B-41BC225009E7}.NuGet-Debug|Any CPU.ActiveCfg = Debug|Any CPU
		{AF928CE3-BBF1-40A7-B97B-41BC225009E7}.NuGet-Debug|Any CPU.Build.0 = Debug|Any CPU
		{AF928CE3-BBF1-40A7-B97B-41BC225009E7}.NuGet-Release|Any CPU.ActiveCfg = Release|Any CPU
		{AF928CE3-BBF1-40A7-B97B-41BC225009E7}.NuGet-Release|Any CPU.Build.0 = Release|Any CPU
		{AF928CE3-BBF1-40A7-B97B-41BC225009E7}.Release|Any CPU.ActiveCfg = Release|Any CPU
		{AF928CE3-BBF1-40A7-B97B-41BC225009E7}.Release|Any CPU.Build.0 = Release|Any CPU
		{889992D1-CE62-4E54-9371-67657649AAB0}.Debug|Any CPU.ActiveCfg = Debug|Any CPU
		{889992D1-CE62-4E54-9371-67657649AAB0}.Debug|Any CPU.Build.0 = Debug|Any CPU
		{889992D1-CE62-4E54-9371-67657649AAB0}.NuGet-Debug|Any CPU.ActiveCfg = Debug|Any CPU
		{889992D1-CE62-4E54-9371-67657649AAB0}.NuGet-Debug|Any CPU.Build.0 = Debug|Any CPU
		{889992D1-CE62-4E54-9371-67657649AAB0}.NuGet-Release|Any CPU.ActiveCfg = Release|Any CPU
		{889992D1-CE62-4E54-9371-67657649AAB0}.NuGet-Release|Any CPU.Build.0 = Release|Any CPU
		{889992D1-CE62-4E54-9371-67657649AAB0}.Release|Any CPU.ActiveCfg = Release|Any CPU
		{889992D1-CE62-4E54-9371-67657649AAB0}.Release|Any CPU.Build.0 = Release|Any CPU
		{112F6856-C285-4D54-A438-2EA47326B9A7}.Debug|Any CPU.ActiveCfg = Debug|Any CPU
		{112F6856-C285-4D54-A438-2EA47326B9A7}.Debug|Any CPU.Build.0 = Debug|Any CPU
		{112F6856-C285-4D54-A438-2EA47326B9A7}.NuGet-Debug|Any CPU.ActiveCfg = Debug|Any CPU
		{112F6856-C285-4D54-A438-2EA47326B9A7}.NuGet-Debug|Any CPU.Build.0 = Debug|Any CPU
		{112F6856-C285-4D54-A438-2EA47326B9A7}.NuGet-Release|Any CPU.ActiveCfg = Release|Any CPU
		{112F6856-C285-4D54-A438-2EA47326B9A7}.NuGet-Release|Any CPU.Build.0 = Release|Any CPU
		{112F6856-C285-4D54-A438-2EA47326B9A7}.Release|Any CPU.ActiveCfg = Release|Any CPU
		{112F6856-C285-4D54-A438-2EA47326B9A7}.Release|Any CPU.Build.0 = Release|Any CPU
		{51DA7B52-994C-4F7B-A89C-94F2FC64DE48}.Debug|Any CPU.ActiveCfg = Debug|Any CPU
		{51DA7B52-994C-4F7B-A89C-94F2FC64DE48}.Debug|Any CPU.Build.0 = Debug|Any CPU
		{51DA7B52-994C-4F7B-A89C-94F2FC64DE48}.NuGet-Debug|Any CPU.ActiveCfg = Debug|Any CPU
		{51DA7B52-994C-4F7B-A89C-94F2FC64DE48}.NuGet-Debug|Any CPU.Build.0 = Debug|Any CPU
		{51DA7B52-994C-4F7B-A89C-94F2FC64DE48}.NuGet-Release|Any CPU.ActiveCfg = Release|Any CPU
		{51DA7B52-994C-4F7B-A89C-94F2FC64DE48}.NuGet-Release|Any CPU.Build.0 = Release|Any CPU
		{51DA7B52-994C-4F7B-A89C-94F2FC64DE48}.Release|Any CPU.ActiveCfg = Release|Any CPU
		{51DA7B52-994C-4F7B-A89C-94F2FC64DE48}.Release|Any CPU.Build.0 = Release|Any CPU
		{C0FCA0DB-E48F-4255-8CE6-425298CEFDA5}.Debug|Any CPU.ActiveCfg = Debug|Any CPU
		{C0FCA0DB-E48F-4255-8CE6-425298CEFDA5}.Debug|Any CPU.Build.0 = Debug|Any CPU
		{C0FCA0DB-E48F-4255-8CE6-425298CEFDA5}.NuGet-Debug|Any CPU.ActiveCfg = Debug|Any CPU
		{C0FCA0DB-E48F-4255-8CE6-425298CEFDA5}.NuGet-Debug|Any CPU.Build.0 = Debug|Any CPU
		{C0FCA0DB-E48F-4255-8CE6-425298CEFDA5}.NuGet-Release|Any CPU.ActiveCfg = Release|Any CPU
		{C0FCA0DB-E48F-4255-8CE6-425298CEFDA5}.NuGet-Release|Any CPU.Build.0 = Release|Any CPU
		{C0FCA0DB-E48F-4255-8CE6-425298CEFDA5}.Release|Any CPU.ActiveCfg = Release|Any CPU
		{C0FCA0DB-E48F-4255-8CE6-425298CEFDA5}.Release|Any CPU.Build.0 = Release|Any CPU
		{005BC034-19A2-44AD-B7B9-1F62AB591920}.Debug|Any CPU.ActiveCfg = Debug|Any CPU
		{005BC034-19A2-44AD-B7B9-1F62AB591920}.Debug|Any CPU.Build.0 = Debug|Any CPU
		{005BC034-19A2-44AD-B7B9-1F62AB591920}.NuGet-Debug|Any CPU.ActiveCfg = Debug|Any CPU
		{005BC034-19A2-44AD-B7B9-1F62AB591920}.NuGet-Debug|Any CPU.Build.0 = Debug|Any CPU
		{005BC034-19A2-44AD-B7B9-1F62AB591920}.NuGet-Release|Any CPU.ActiveCfg = Release|Any CPU
		{005BC034-19A2-44AD-B7B9-1F62AB591920}.NuGet-Release|Any CPU.Build.0 = Release|Any CPU
		{005BC034-19A2-44AD-B7B9-1F62AB591920}.Release|Any CPU.ActiveCfg = Release|Any CPU
		{005BC034-19A2-44AD-B7B9-1F62AB591920}.Release|Any CPU.Build.0 = Release|Any CPU
		{05761CF0-B197-46B2-9180-7E10C10E56E4}.Debug|Any CPU.ActiveCfg = Debug|Any CPU
		{05761CF0-B197-46B2-9180-7E10C10E56E4}.Debug|Any CPU.Build.0 = Debug|Any CPU
		{05761CF0-B197-46B2-9180-7E10C10E56E4}.NuGet-Debug|Any CPU.ActiveCfg = Debug|Any CPU
		{05761CF0-B197-46B2-9180-7E10C10E56E4}.NuGet-Debug|Any CPU.Build.0 = Debug|Any CPU
		{05761CF0-B197-46B2-9180-7E10C10E56E4}.NuGet-Release|Any CPU.ActiveCfg = Release|Any CPU
		{05761CF0-B197-46B2-9180-7E10C10E56E4}.NuGet-Release|Any CPU.Build.0 = Release|Any CPU
		{05761CF0-B197-46B2-9180-7E10C10E56E4}.Release|Any CPU.ActiveCfg = Release|Any CPU
		{05761CF0-B197-46B2-9180-7E10C10E56E4}.Release|Any CPU.Build.0 = Release|Any CPU
		{08543236-295A-4D12-8EC3-7A65AAF9BDF5}.Debug|Any CPU.ActiveCfg = Debug|Any CPU
		{08543236-295A-4D12-8EC3-7A65AAF9BDF5}.Debug|Any CPU.Build.0 = Debug|Any CPU
		{08543236-295A-4D12-8EC3-7A65AAF9BDF5}.NuGet-Debug|Any CPU.ActiveCfg = Debug|Any CPU
		{08543236-295A-4D12-8EC3-7A65AAF9BDF5}.NuGet-Debug|Any CPU.Build.0 = Debug|Any CPU
		{08543236-295A-4D12-8EC3-7A65AAF9BDF5}.NuGet-Release|Any CPU.ActiveCfg = Release|Any CPU
		{08543236-295A-4D12-8EC3-7A65AAF9BDF5}.NuGet-Release|Any CPU.Build.0 = Release|Any CPU
		{08543236-295A-4D12-8EC3-7A65AAF9BDF5}.Release|Any CPU.ActiveCfg = Release|Any CPU
		{08543236-295A-4D12-8EC3-7A65AAF9BDF5}.Release|Any CPU.Build.0 = Release|Any CPU
		{6E2A6364-016E-43EC-A97E-149C1E27F001}.Debug|Any CPU.ActiveCfg = Debug|Any CPU
		{6E2A6364-016E-43EC-A97E-149C1E27F001}.Debug|Any CPU.Build.0 = Debug|Any CPU
		{6E2A6364-016E-43EC-A97E-149C1E27F001}.NuGet-Debug|Any CPU.ActiveCfg = Debug|Any CPU
		{6E2A6364-016E-43EC-A97E-149C1E27F001}.NuGet-Debug|Any CPU.Build.0 = Debug|Any CPU
		{6E2A6364-016E-43EC-A97E-149C1E27F001}.NuGet-Release|Any CPU.ActiveCfg = Release|Any CPU
		{6E2A6364-016E-43EC-A97E-149C1E27F001}.NuGet-Release|Any CPU.Build.0 = Release|Any CPU
		{6E2A6364-016E-43EC-A97E-149C1E27F001}.Release|Any CPU.ActiveCfg = Release|Any CPU
		{6E2A6364-016E-43EC-A97E-149C1E27F001}.Release|Any CPU.Build.0 = Release|Any CPU
		{F2FE8F92-B23F-499B-A0BD-6BB002204FBC}.Debug|Any CPU.ActiveCfg = Debug|Any CPU
		{F2FE8F92-B23F-499B-A0BD-6BB002204FBC}.Debug|Any CPU.Build.0 = Debug|Any CPU
		{F2FE8F92-B23F-499B-A0BD-6BB002204FBC}.NuGet-Debug|Any CPU.ActiveCfg = Debug|Any CPU
		{F2FE8F92-B23F-499B-A0BD-6BB002204FBC}.NuGet-Debug|Any CPU.Build.0 = Debug|Any CPU
		{F2FE8F92-B23F-499B-A0BD-6BB002204FBC}.NuGet-Release|Any CPU.ActiveCfg = Release|Any CPU
		{F2FE8F92-B23F-499B-A0BD-6BB002204FBC}.NuGet-Release|Any CPU.Build.0 = Release|Any CPU
		{F2FE8F92-B23F-499B-A0BD-6BB002204FBC}.Release|Any CPU.ActiveCfg = Release|Any CPU
		{F2FE8F92-B23F-499B-A0BD-6BB002204FBC}.Release|Any CPU.Build.0 = Release|Any CPU
	EndGlobalSection
	GlobalSection(SolutionProperties) = preSolution
		HideSolutionNode = FALSE
	EndGlobalSection
	GlobalSection(NestedProjects) = preSolution
		{AC5E6F4B-D634-4FD6-B16E-487217B6978F} = {37C642A5-183F-4F5B-B065-3467581DB4D1}
		{2DE5E697-F8F8-4034-8958-5645F73774AC} = {95EEC92A-F6E1-4AC9-9368-7C0C14D65A46}
		{8318A17E-7BF1-4D45-A0CE-EE3FD9B83B2D} = {77DA39B0-F018-4068-BE53-6461957A53DB}
		{52980EBE-AEB1-4B3C-963A-BE0DA24B25B1} = {77DA39B0-F018-4068-BE53-6461957A53DB}
		{25C70291-E074-4075-99A8-7AF0DF1BF6BC} = {77DA39B0-F018-4068-BE53-6461957A53DB}
		{37C642A5-183F-4F5B-B065-3467581DB4D1} = {D787A1D9-4250-49C1-9CE2-544BD0BE765E}
		{3A82E948-43E1-434C-9C6D-BCAA1C83F76F} = {37C642A5-183F-4F5B-B065-3467581DB4D1}
		{AF928CE3-BBF1-40A7-B97B-41BC225009E7} = {77DA39B0-F018-4068-BE53-6461957A53DB}
		{889992D1-CE62-4E54-9371-67657649AAB0} = {77DA39B0-F018-4068-BE53-6461957A53DB}
		{112F6856-C285-4D54-A438-2EA47326B9A7} = {77DA39B0-F018-4068-BE53-6461957A53DB}
		{51DA7B52-994C-4F7B-A89C-94F2FC64DE48} = {77DA39B0-F018-4068-BE53-6461957A53DB}
		{C0FCA0DB-E48F-4255-8CE6-425298CEFDA5} = {4115B21A-DACD-4BC3-981B-3450337D6846}
		{005BC034-19A2-44AD-B7B9-1F62AB591920} = {77DA39B0-F018-4068-BE53-6461957A53DB}
		{05761CF0-B197-46B2-9180-7E10C10E56E4} = {77DA39B0-F018-4068-BE53-6461957A53DB}
		{08543236-295A-4D12-8EC3-7A65AAF9BDF5} = {77DA39B0-F018-4068-BE53-6461957A53DB}
		{6E2A6364-016E-43EC-A97E-149C1E27F001} = {77DA39B0-F018-4068-BE53-6461957A53DB}
		{F2FE8F92-B23F-499B-A0BD-6BB002204FBC} = {77DA39B0-F018-4068-BE53-6461957A53DB}
	EndGlobalSection
	GlobalSection(ExtensibilityGlobals) = postSolution
		SolutionGuid = {C2087D48-181C-4E5E-B152-E613AF345B41}
		EnterpriseLibraryConfigurationToolBinariesPathV6 = packages\EnterpriseLibrary.Common.6.0.1304.0\lib\NET45;packages\EnterpriseLibrary.Logging.6.0.1304.0\lib\NET45;packages\EnterpriseLibrary.ExceptionHandling.6.0.1304.0\lib\NET45;packages\EnterpriseLibrary.ExceptionHandling.WCF.6.0.1304.0\lib\NET45;packages\EnterpriseLibrary.ExceptionHandling.Logging.6.0.1304.0\lib\NET45
		EnterpriseLibraryConfigurationToolBinariesPath = packages\Unity.2.1.505.0\lib\NET35
	EndGlobalSection
	GlobalSection(CodealikeProperties) = postSolution
		SolutionGuid = 5f7b1ed7-b4d7-4705-95b1-84127f7a8c80
	EndGlobalSection
EndGlobal
